
Microsoft Visual Studio Solution File, Format Version 12.00
# Visual Studio Version 16
VisualStudioVersion = 16.0.31613.86
MinimumVisualStudioVersion = 10.0.40219.1
Project("{FAE04EC0-301F-11D3-BF4B-00C04F79EFBC}") = "StokOtomasyonu", "StokOtomasyonu\StokOtomasyonu.csproj", "{6699D7C9-A9CF-41C9-A2A1-6C3BA9B8254F}"
EndProject
Global
	GlobalSection(SolutionConfigurationPlatforms) = preSolution
		Debug|Any CPU = Debug|Any CPU
		Release|Any CPU = Release|Any CPU
	EndGlobalSection
	GlobalSection(ProjectConfigurationPlatforms) = postSolution
		{6699D7C9-A9CF-41C9-A2A1-6C3BA9B8254F}.Debug|Any CPU.ActiveCfg = Debug|Any CPU
		{6699D7C9-A9CF-41C9-A2A1-6C3BA9B8254F}.Debug|Any CPU.Build.0 = Debug|Any CPU
		{6699D7C9-A9CF-41C9-A2A1-6C3BA9B8254F}.Release|Any CPU.ActiveCfg = Release|Any CPU
		{6699D7C9-A9CF-41C9-A2A1-6C3BA9B8254F}.Release|Any CPU.Build.0 = Release|Any CPU
	EndGlobalSection
	GlobalSection(SolutionProperties) = preSolution
		HideSolutionNode = FALSE
	EndGlobalSection
	GlobalSection(ExtensibilityGlobals) = postSolution
		SolutionGuid = {461A6417-7AE2-48A8-A002-6C6727E5516A}
	EndGlobalSection
EndGlobal
